{
  "name": "vue-inputmask",
  "version": "0.2",
  "lockfileVersion": 1,
  "requires": true,
  "dependencies": {
    "inputmask": {
      "version": "3.3.8",
      "resolved": "https://registry.npmjs.org/inputmask/-/inputmask-3.3.8.tgz",
      "integrity": "sha512-AdaIgwNxjM9GsBjuWAFf6Dqh8YbF/mUmE1IXndkn7gP/wTxzxJr//Rkd65M26xC9AyH3Qa1Av3l6RNrIiaOHDw=="
    },
    "vue": {
      "version": "2.4.2",
      "resolved": "https://registry.npmjs.org/vue/-/vue-2.4.2.tgz",
      "integrity": "sha512-GB5r+CsrCHIB1PoXt4wgBienjF3WGYOIaTK27tDk96sZxpL5RwRrsi9I3ECwFt8x8qAmxT2xk1vsY2Vpcn9nIw=="
    }
  }
}
